
Microsoft Visual Studio Solution File, Format Version 12.00
# Visual Studio Version 16
VisualStudioVersion = 16.0.31025.194
MinimumVisualStudioVersion = 10.0.40219.1
Project("{FAE04EC0-301F-11D3-BF4B-00C04F79EFBC}") = "WindowsFormsAppClockServer", "WindowsFormsAppClockServer\WindowsFormsAppClockServer.csproj", "{64039E2B-64C3-40F7-A188-969AB19BF3B3}"
EndProject
Global
	GlobalSection(SolutionConfigurationPlatforms) = preSolution
		Debug|Any CPU = Debug|Any CPU
		Release|Any CPU = Release|Any CPU
	EndGlobalSection
	GlobalSection(ProjectConfigurationPlatforms) = postSolution
		{64039E2B-64C3-40F7-A188-969AB19BF3B3}.Debug|Any CPU.ActiveCfg = Debug|Any CPU
		{64039E2B-64C3-40F7-A188-969AB19BF3B3}.Debug|Any CPU.Build.0 = Debug|Any CPU
		{64039E2B-64C3-40F7-A188-969AB19BF3B3}.Release|Any CPU.ActiveCfg = Release|Any CPU
		{64039E2B-64C3-40F7-A188-969AB19BF3B3}.Release|Any CPU.Build.0 = Release|Any CPU
	EndGlobalSection
	GlobalSection(SolutionProperties) = preSolution
		HideSolutionNode = FALSE
	EndGlobalSection
	GlobalSection(ExtensibilityGlobals) = postSolution
		SolutionGuid = {E1F5F4DD-1603-46EC-A59C-6B57C44C0224}
	EndGlobalSection
EndGlobal
